{
  "version": 1,
  "dependencies": {
    "net9.0-windows10.0.22000": {
      "Microsoft.NET.ILLink.Tasks": {
        "type": "Direct",
        "requested": "[9.0.14, )",
        "resolved": "9.0.14",
        "contentHash": "+MeWjj5sGq6Oj/l0E9RPMgXDyCIPxczzCbGuvuVTZFEGiy2S/atsfoAoKUnkEin/GeGpN+HenCzRmiQKSc99eQ=="
      },
      "Microsoft.SourceLink.GitHub": {
        "type": "Direct",
        "requested": "[10.0.400, )",
        "resolved": "10.0.400",
        "contentHash": "N1Ut0+EmMb2Tma9spHxAgpCspkln4gst1RWYc1PYPn8LA4KJWDSiggKpE183lfR98TNG2C+XnJ71zSYtuCSsqA==",
        "dependencies": {
          "Microsoft.Build.Tasks.Git": "10.0.400",
          "Microsoft.SourceLink.Common": "10.0.400",
          "System.IO.Hashing": "10.0.11"
        }
      },
      "Microsoft.Windows.CsWin32": {
        "type": "Direct",
        "requested": "[0.3.298, )",
        "resolved": "0.3.298",
        "contentHash": "moz/CojV5HSeJYV9pNVE6mWMKnJGvPgdD31EhBLyUJ8Ui06PBrH9oPFK1ljXbJJMM4EzKnkE1a0AtBbH1BHDGA==",
        "dependencies": {
          "Microsoft.Windows.SDK.Win32Docs": "0.1.42-alpha",
          "Microsoft.Windows.SDK.Win32Metadata": "70.0.11-preview",
          "Microsoft.Windows.WDK.Win32Metadata": "0.13.25-experimental"
        }
      },
      "Nerdbank.GitVersioning": {
        "type": "Direct",
        "requested": "[3.10.91, )",
        "resolved": "3.10.91",
        "contentHash": "9MtEXm/um2lQAEoek1EkF4CXNH4JuXxv2jV3Ew2XlzP0LXxFaFiECS7ji8zf1ZaMnPGYbbom+Nm6y4ADc5HNHQ=="
      },
      "Microsoft.Build.Tasks.Git": {
        "type": "Transitive",
        "resolved": "10.0.400",
        "contentHash": "uXJ/eBDqAo9HlyPjvvvynjHb59KXQWG9txpBzyI1drO6MV3Lhndt2yhxuMKvIga4kND2UKc3xCNXlXBhWU8Hlg==",
        "dependencies": {
          "System.IO.Hashing": "10.0.11"
        }
      },
      "Microsoft.SourceLink.Common": {
        "type": "Transitive",
        "resolved": "10.0.400",
        "contentHash": "Knli3Y2k/rdBqUlQ8TP+Sbd0J0jV/0kvgLsxieowoVayioZ0JGfqb9go+/dQJqtU53i6IpZzRxAPxbBT5UJBNg=="
      },
      "Microsoft.Windows.SDK.Win32Docs": {
        "type": "Transitive",
        "resolved": "0.1.42-alpha",
        "contentHash": "Z/9po23gUA9aoukirh2ItMU2ZS9++Js9Gdds9fu5yuMojDrmArvY2y+tq9985tR3cxFxpZO1O35Wjfo0khj5HA=="
      },
      "Microsoft.Windows.SDK.Win32Metadata": {
        "type": "Transitive",
        "resolved": "70.0.11-preview",
        "contentHash": "i8Dv2KCKzH8MQAsgLeUa5zFGyQOoz+TlvnbkFUkjsUtqhj4oguVj9rDpVACs5fLayZbwItOSllf+bhwr+z2yeg=="
      },
      "Microsoft.Windows.WDK.Win32Metadata": {
        "type": "Transitive",
        "resolved": "0.13.25-experimental",
        "contentHash": "IM50tb/+UIwBr9FMr6ZKcZjCMW+Axo6NjGqKxgjUfyCY8dRnYUfrJEXxAaXoWtYP4X8EmASmC1Jtwh4XucseZg==",
        "dependencies": {
          "Microsoft.Windows.SDK.Win32Metadata": "63.0.31-preview"
        }
      },
      "System.IO.Hashing": {
        "type": "Transitive",
        "resolved": "10.0.11",
        "contentHash": "OzKDcIRkeNJeC8qAsbn8yJXnfTLP1dtkWILe+T56Gf/z+IkAASi7sMqLqJQat08j5z/mRN5xVtoAwbkMNMoBUQ=="
      }
    },
    "net9.0-windows10.0.22000/win-arm64": {},
    "net9.0-windows10.0.22000/win-x64": {},
    "net9.0-windows10.0.22000/win-x86": {}
  }
}