
Microsoft Visual Studio Solution File, Format Version 12.00
# Visual Studio Version 17
VisualStudioVersion = 17.14.36518.9
MinimumVisualStudioVersion = 15.0.26124.0
Project("{2150E333-8FDC-42A3-9474-1A3956D46DE8}") = "Solution Items", "Solution Items", "{1CE9670B-D5FF-46A7-9D00-24E70E6ED48B}"
	ProjectSection(SolutionItems) = preProject
		..\.editorconfig = ..\.editorconfig
		Directory.Build.props = Directory.Build.props
		Directory.Build.targets = Directory.Build.targets
		..\nuget.config = ..\nuget.config
		..\RepoRoot.props = ..\RepoRoot.props
		stylecop.json = stylecop.json
		..\version.json = ..\version.json
	EndProjectSection
EndProject
Project("{9A19103F-16F7-4668-BE54-9A1E7A4F7556}") = "TaskDialog", "TaskDialog\TaskDialog.csproj", "{286A776E-4EE4-4E9A-8722-35C58490D99C}"
EndProject
Project("{9A19103F-16F7-4668-BE54-9A1E7A4F7556}") = "MSIExtract", "MSIExtract\MSIExtract.csproj", "{3A77E494-B813-48BA-9D83-02A3ED00E6DA}"
EndProject
Project("{C7167F0D-BC9F-4E6E-AFE1-012C56B48DB5}") = "MSIExtract.AppxPackage", "MSIExtract.AppxPackage\MSIExtract.AppxPackage.wapproj", "{9877F6B5-A889-49A8-90B0-A1E09A6995F1}"
EndProject
Project("{9A19103F-16F7-4668-BE54-9A1E7A4F7556}") = "LessIO", "LessIO\LessIO.csproj", "{E3B941C3-00F8-44D1-A23D-1BECBA52B143}"
EndProject
Project("{9A19103F-16F7-4668-BE54-9A1E7A4F7556}") = "WixToolset.Dtf.Compression", "WixToolset.Dtf.Compression\WixToolset.Dtf.Compression.csproj", "{B44B9A37-5E71-4925-B24C-D21EA4506D64}"
EndProject
Project("{9A19103F-16F7-4668-BE54-9A1E7A4F7556}") = "WixToolset.Dtf.Compression.Cab", "WixToolset.Dtf.Compression.Cab\WixToolset.Dtf.Compression.Cab.csproj", "{D7F6629E-D9CF-4C81-B836-C0CF3086AC5E}"
EndProject
Project("{9A19103F-16F7-4668-BE54-9A1E7A4F7556}") = "WixToolset.Dtf.WindowsInstaller", "WixToolset.Dtf.WindowsInstaller\WixToolset.Dtf.WindowsInstaller.csproj", "{02119665-665A-44A6-9791-29E75449595B}"
EndProject
Project("{9A19103F-16F7-4668-BE54-9A1E7A4F7556}") = "MSIExtract.Core", "MSIExtract.Core\MSIExtract.Core.csproj", "{55E347B5-1890-4244-8950-EEE286FE8189}"
EndProject
Project("{FAE04EC0-301F-11D3-BF4B-00C04F79EFBC}") = "ShellCommandLib", "ShellCommandLib\ShellCommandLib.csproj", "{FB113153-36A0-DCBB-5084-64277198FD0D}"
EndProject
Project("{FAE04EC0-301F-11D3-BF4B-00C04F79EFBC}") = "Shmuelie.WinRTServer", "Shmuelie.WinRTServer\Shmuelie.WinRTServer.csproj", "{9907FC79-79E2-3707-20F7-FDC9988AC9BC}"
EndProject
Project("{2150E333-8FDC-42A3-9474-1A3956D46DE8}") = "build", "build", "{02EA681E-C7D8-13C7-8484-4AC65E1B71E8}"
	ProjectSection(SolutionItems) = preProject
		..\build\Directory.Build.csproj.props = ..\build\Directory.Build.csproj.props
		..\build\Directory.Build.csproj.targets = ..\build\Directory.Build.csproj.targets
		..\build\Directory.Build.vcxproj.props = ..\build\Directory.Build.vcxproj.props
		..\build\Directory.Build.vcxproj.targets = ..\build\Directory.Build.vcxproj.targets
		..\build\Directory.Build.wapproj.props = ..\build\Directory.Build.wapproj.props
		..\build\Directory.Build.wapproj.targets = ..\build\Directory.Build.wapproj.targets
		..\build\StyleCop.ruleset = ..\build\StyleCop.ruleset
	EndProjectSection
EndProject
Project("{2150E333-8FDC-42A3-9474-1A3956D46DE8}") = "vcxproj", "vcxproj", "{A6D2B598-C9BB-49C7-B126-E22DBE8A2801}"
	ProjectSection(SolutionItems) = preProject
		..\build\vcxproj\DetectCI.props = ..\build\vcxproj\DetectCI.props
		..\build\vcxproj\DeterministicBuild.props = ..\build\vcxproj\DeterministicBuild.props
		..\build\vcxproj\DeterministicBuild.targets = ..\build\vcxproj\DeterministicBuild.targets
	EndProjectSection
EndProject
Global
	GlobalSection(SolutionConfigurationPlatforms) = preSolution
		Debug|ARM64 = Debug|ARM64
		Debug|x64 = Debug|x64
		Debug|x86 = Debug|x86
		Release|ARM64 = Release|ARM64
		Release|x64 = Release|x64
		Release|x86 = Release|x86
	EndGlobalSection
	GlobalSection(ProjectConfigurationPlatforms) = postSolution
		{286A776E-4EE4-4E9A-8722-35C58490D99C}.Debug|ARM64.ActiveCfg = Debug|ARM64
		{286A776E-4EE4-4E9A-8722-35C58490D99C}.Debug|ARM64.Build.0 = Debug|ARM64
		{286A776E-4EE4-4E9A-8722-35C58490D99C}.Debug|x64.ActiveCfg = Debug|Any CPU
		{286A776E-4EE4-4E9A-8722-35C58490D99C}.Debug|x64.Build.0 = Debug|Any CPU
		{286A776E-4EE4-4E9A-8722-35C58490D99C}.Debug|x86.ActiveCfg = Debug|Any CPU
		{286A776E-4EE4-4E9A-8722-35C58490D99C}.Debug|x86.Build.0 = Debug|Any CPU
		{286A776E-4EE4-4E9A-8722-35C58490D99C}.Release|ARM64.ActiveCfg = Release|ARM64
		{286A776E-4EE4-4E9A-8722-35C58490D99C}.Release|ARM64.Build.0 = Release|ARM64
		{286A776E-4EE4-4E9A-8722-35C58490D99C}.Release|x64.ActiveCfg = Release|Any CPU
		{286A776E-4EE4-4E9A-8722-35C58490D99C}.Release|x64.Build.0 = Release|Any CPU
		{286A776E-4EE4-4E9A-8722-35C58490D99C}.Release|x86.ActiveCfg = Release|Any CPU
		{286A776E-4EE4-4E9A-8722-35C58490D99C}.Release|x86.Build.0 = Release|Any CPU
		{3A77E494-B813-48BA-9D83-02A3ED00E6DA}.Debug|ARM64.ActiveCfg = Debug|ARM64
		{3A77E494-B813-48BA-9D83-02A3ED00E6DA}.Debug|ARM64.Build.0 = Debug|ARM64
		{3A77E494-B813-48BA-9D83-02A3ED00E6DA}.Debug|x64.ActiveCfg = Debug|x64
		{3A77E494-B813-48BA-9D83-02A3ED00E6DA}.Debug|x64.Build.0 = Debug|x64
		{3A77E494-B813-48BA-9D83-02A3ED00E6DA}.Debug|x86.ActiveCfg = Debug|x86
		{3A77E494-B813-48BA-9D83-02A3ED00E6DA}.Debug|x86.Build.0 = Debug|x86
		{3A77E494-B813-48BA-9D83-02A3ED00E6DA}.Release|ARM64.ActiveCfg = Release|ARM64
		{3A77E494-B813-48BA-9D83-02A3ED00E6DA}.Release|ARM64.Build.0 = Release|ARM64
		{3A77E494-B813-48BA-9D83-02A3ED00E6DA}.Release|x64.ActiveCfg = Release|x64
		{3A77E494-B813-48BA-9D83-02A3ED00E6DA}.Release|x64.Build.0 = Release|x64
		{3A77E494-B813-48BA-9D83-02A3ED00E6DA}.Release|x86.ActiveCfg = Release|x86
		{3A77E494-B813-48BA-9D83-02A3ED00E6DA}.Release|x86.Build.0 = Release|x86
		{9877F6B5-A889-49A8-90B0-A1E09A6995F1}.Debug|ARM64.ActiveCfg = Debug|ARM64
		{9877F6B5-A889-49A8-90B0-A1E09A6995F1}.Debug|ARM64.Build.0 = Debug|ARM64
		{9877F6B5-A889-49A8-90B0-A1E09A6995F1}.Debug|ARM64.Deploy.0 = Debug|ARM64
		{9877F6B5-A889-49A8-90B0-A1E09A6995F1}.Debug|x64.ActiveCfg = Debug|x64
		{9877F6B5-A889-49A8-90B0-A1E09A6995F1}.Debug|x64.Build.0 = Debug|x64
		{9877F6B5-A889-49A8-90B0-A1E09A6995F1}.Debug|x64.Deploy.0 = Debug|x64
		{9877F6B5-A889-49A8-90B0-A1E09A6995F1}.Debug|x86.ActiveCfg = Debug|x86
		{9877F6B5-A889-49A8-90B0-A1E09A6995F1}.Debug|x86.Build.0 = Debug|x86
		{9877F6B5-A889-49A8-90B0-A1E09A6995F1}.Debug|x86.Deploy.0 = Debug|x86
		{9877F6B5-A889-49A8-90B0-A1E09A6995F1}.Release|ARM64.ActiveCfg = Release|ARM64
		{9877F6B5-A889-49A8-90B0-A1E09A6995F1}.Release|ARM64.Build.0 = Release|ARM64
		{9877F6B5-A889-49A8-90B0-A1E09A6995F1}.Release|ARM64.Deploy.0 = Release|ARM64
		{9877F6B5-A889-49A8-90B0-A1E09A6995F1}.Release|x64.ActiveCfg = Release|x64
		{9877F6B5-A889-49A8-90B0-A1E09A6995F1}.Release|x64.Build.0 = Release|x64
		{9877F6B5-A889-49A8-90B0-A1E09A6995F1}.Release|x64.Deploy.0 = Release|x64
		{9877F6B5-A889-49A8-90B0-A1E09A6995F1}.Release|x86.ActiveCfg = Release|x86
		{9877F6B5-A889-49A8-90B0-A1E09A6995F1}.Release|x86.Build.0 = Release|x86
		{9877F6B5-A889-49A8-90B0-A1E09A6995F1}.Release|x86.Deploy.0 = Release|x86
		{E3B941C3-00F8-44D1-A23D-1BECBA52B143}.Debug|ARM64.ActiveCfg = Debug|ARM64
		{E3B941C3-00F8-44D1-A23D-1BECBA52B143}.Debug|ARM64.Build.0 = Debug|ARM64
		{E3B941C3-00F8-44D1-A23D-1BECBA52B143}.Debug|x64.ActiveCfg = Debug|Any CPU
		{E3B941C3-00F8-44D1-A23D-1BECBA52B143}.Debug|x64.Build.0 = Debug|Any CPU
		{E3B941C3-00F8-44D1-A23D-1BECBA52B143}.Debug|x86.ActiveCfg = Debug|Any CPU
		{E3B941C3-00F8-44D1-A23D-1BECBA52B143}.Debug|x86.Build.0 = Debug|Any CPU
		{E3B941C3-00F8-44D1-A23D-1BECBA52B143}.Release|ARM64.ActiveCfg = Release|ARM64
		{E3B941C3-00F8-44D1-A23D-1BECBA52B143}.Release|ARM64.Build.0 = Release|ARM64
		{E3B941C3-00F8-44D1-A23D-1BECBA52B143}.Release|x64.ActiveCfg = Release|Any CPU
		{E3B941C3-00F8-44D1-A23D-1BECBA52B143}.Release|x64.Build.0 = Release|Any CPU
		{E3B941C3-00F8-44D1-A23D-1BECBA52B143}.Release|x86.ActiveCfg = Release|Any CPU
		{E3B941C3-00F8-44D1-A23D-1BECBA52B143}.Release|x86.Build.0 = Release|Any CPU
		{B44B9A37-5E71-4925-B24C-D21EA4506D64}.Debug|ARM64.ActiveCfg = Debug|ARM64
		{B44B9A37-5E71-4925-B24C-D21EA4506D64}.Debug|ARM64.Build.0 = Debug|ARM64
		{B44B9A37-5E71-4925-B24C-D21EA4506D64}.Debug|x64.ActiveCfg = Debug|Any CPU
		{B44B9A37-5E71-4925-B24C-D21EA4506D64}.Debug|x64.Build.0 = Debug|Any CPU
		{B44B9A37-5E71-4925-B24C-D21EA4506D64}.Debug|x86.ActiveCfg = Debug|Any CPU
		{B44B9A37-5E71-4925-B24C-D21EA4506D64}.Debug|x86.Build.0 = Debug|Any CPU
		{B44B9A37-5E71-4925-B24C-D21EA4506D64}.Release|ARM64.ActiveCfg = Release|ARM64
		{B44B9A37-5E71-4925-B24C-D21EA4506D64}.Release|ARM64.Build.0 = Release|ARM64
		{B44B9A37-5E71-4925-B24C-D21EA4506D64}.Release|x64.ActiveCfg = Release|Any CPU
		{B44B9A37-5E71-4925-B24C-D21EA4506D64}.Release|x64.Build.0 = Release|Any CPU
		{B44B9A37-5E71-4925-B24C-D21EA4506D64}.Release|x86.ActiveCfg = Release|Any CPU
		{B44B9A37-5E71-4925-B24C-D21EA4506D64}.Release|x86.Build.0 = Release|Any CPU
		{D7F6629E-D9CF-4C81-B836-C0CF3086AC5E}.Debug|ARM64.ActiveCfg = Debug|ARM64
		{D7F6629E-D9CF-4C81-B836-C0CF3086AC5E}.Debug|ARM64.Build.0 = Debug|ARM64
		{D7F6629E-D9CF-4C81-B836-C0CF3086AC5E}.Debug|x64.ActiveCfg = Debug|Any CPU
		{D7F6629E-D9CF-4C81-B836-C0CF3086AC5E}.Debug|x64.Build.0 = Debug|Any CPU
		{D7F6629E-D9CF-4C81-B836-C0CF3086AC5E}.Debug|x86.ActiveCfg = Debug|Any CPU
		{D7F6629E-D9CF-4C81-B836-C0CF3086AC5E}.Debug|x86.Build.0 = Debug|Any CPU
		{D7F6629E-D9CF-4C81-B836-C0CF3086AC5E}.Release|ARM64.ActiveCfg = Release|ARM64
		{D7F6629E-D9CF-4C81-B836-C0CF3086AC5E}.Release|ARM64.Build.0 = Release|ARM64
		{D7F6629E-D9CF-4C81-B836-C0CF3086AC5E}.Release|x64.ActiveCfg = Release|Any CPU
		{D7F6629E-D9CF-4C81-B836-C0CF3086AC5E}.Release|x64.Build.0 = Release|Any CPU
		{D7F6629E-D9CF-4C81-B836-C0CF3086AC5E}.Release|x86.ActiveCfg = Release|Any CPU
		{D7F6629E-D9CF-4C81-B836-C0CF3086AC5E}.Release|x86.Build.0 = Release|Any CPU
		{02119665-665A-44A6-9791-29E75449595B}.Debug|ARM64.ActiveCfg = Debug|ARM64
		{02119665-665A-44A6-9791-29E75449595B}.Debug|ARM64.Build.0 = Debug|ARM64
		{02119665-665A-44A6-9791-29E75449595B}.Debug|x64.ActiveCfg = Debug|Any CPU
		{02119665-665A-44A6-9791-29E75449595B}.Debug|x64.Build.0 = Debug|Any CPU
		{02119665-665A-44A6-9791-29E75449595B}.Debug|x86.ActiveCfg = Debug|Any CPU
		{02119665-665A-44A6-9791-29E75449595B}.Debug|x86.Build.0 = Debug|Any CPU
		{02119665-665A-44A6-9791-29E75449595B}.Release|ARM64.ActiveCfg = Release|ARM64
		{02119665-665A-44A6-9791-29E75449595B}.Release|ARM64.Build.0 = Release|ARM64
		{02119665-665A-44A6-9791-29E75449595B}.Release|x64.ActiveCfg = Release|Any CPU
		{02119665-665A-44A6-9791-29E75449595B}.Release|x64.Build.0 = Release|Any CPU
		{02119665-665A-44A6-9791-29E75449595B}.Release|x86.ActiveCfg = Release|Any CPU
		{02119665-665A-44A6-9791-29E75449595B}.Release|x86.Build.0 = Release|Any CPU
		{55E347B5-1890-4244-8950-EEE286FE8189}.Debug|ARM64.ActiveCfg = Debug|ARM64
		{55E347B5-1890-4244-8950-EEE286FE8189}.Debug|ARM64.Build.0 = Debug|ARM64
		{55E347B5-1890-4244-8950-EEE286FE8189}.Debug|x64.ActiveCfg = Debug|Any CPU
		{55E347B5-1890-4244-8950-EEE286FE8189}.Debug|x64.Build.0 = Debug|Any CPU
		{55E347B5-1890-4244-8950-EEE286FE8189}.Debug|x86.ActiveCfg = Debug|Any CPU
		{55E347B5-1890-4244-8950-EEE286FE8189}.Debug|x86.Build.0 = Debug|Any CPU
		{55E347B5-1890-4244-8950-EEE286FE8189}.Release|ARM64.ActiveCfg = Release|ARM64
		{55E347B5-1890-4244-8950-EEE286FE8189}.Release|ARM64.Build.0 = Release|ARM64
		{55E347B5-1890-4244-8950-EEE286FE8189}.Release|x64.ActiveCfg = Release|Any CPU
		{55E347B5-1890-4244-8950-EEE286FE8189}.Release|x64.Build.0 = Release|Any CPU
		{55E347B5-1890-4244-8950-EEE286FE8189}.Release|x86.ActiveCfg = Release|Any CPU
		{55E347B5-1890-4244-8950-EEE286FE8189}.Release|x86.Build.0 = Release|Any CPU
		{FB113153-36A0-DCBB-5084-64277198FD0D}.Debug|ARM64.ActiveCfg = Debug|ARM64
		{FB113153-36A0-DCBB-5084-64277198FD0D}.Debug|ARM64.Build.0 = Debug|ARM64
		{FB113153-36A0-DCBB-5084-64277198FD0D}.Debug|x64.ActiveCfg = Debug|x64
		{FB113153-36A0-DCBB-5084-64277198FD0D}.Debug|x64.Build.0 = Debug|x64
		{FB113153-36A0-DCBB-5084-64277198FD0D}.Debug|x86.ActiveCfg = Debug|x86
		{FB113153-36A0-DCBB-5084-64277198FD0D}.Debug|x86.Build.0 = Debug|x86
		{FB113153-36A0-DCBB-5084-64277198FD0D}.Release|ARM64.ActiveCfg = Release|ARM64
		{FB113153-36A0-DCBB-5084-64277198FD0D}.Release|ARM64.Build.0 = Release|ARM64
		{FB113153-36A0-DCBB-5084-64277198FD0D}.Release|x64.ActiveCfg = Release|x64
		{FB113153-36A0-DCBB-5084-64277198FD0D}.Release|x64.Build.0 = Release|x64
		{FB113153-36A0-DCBB-5084-64277198FD0D}.Release|x86.ActiveCfg = Release|x86
		{FB113153-36A0-DCBB-5084-64277198FD0D}.Release|x86.Build.0 = Release|x86
		{9907FC79-79E2-3707-20F7-FDC9988AC9BC}.Debug|ARM64.ActiveCfg = Debug|ARM64
		{9907FC79-79E2-3707-20F7-FDC9988AC9BC}.Debug|ARM64.Build.0 = Debug|ARM64
		{9907FC79-79E2-3707-20F7-FDC9988AC9BC}.Debug|x64.ActiveCfg = Debug|x64
		{9907FC79-79E2-3707-20F7-FDC9988AC9BC}.Debug|x64.Build.0 = Debug|x64
		{9907FC79-79E2-3707-20F7-FDC9988AC9BC}.Debug|x86.ActiveCfg = Debug|x86
		{9907FC79-79E2-3707-20F7-FDC9988AC9BC}.Debug|x86.Build.0 = Debug|x86
		{9907FC79-79E2-3707-20F7-FDC9988AC9BC}.Release|ARM64.ActiveCfg = Release|ARM64
		{9907FC79-79E2-3707-20F7-FDC9988AC9BC}.Release|ARM64.Build.0 = Release|ARM64
		{9907FC79-79E2-3707-20F7-FDC9988AC9BC}.Release|x64.ActiveCfg = Release|x64
		{9907FC79-79E2-3707-20F7-FDC9988AC9BC}.Release|x64.Build.0 = Release|x64
		{9907FC79-79E2-3707-20F7-FDC9988AC9BC}.Release|x86.ActiveCfg = Release|x86
		{9907FC79-79E2-3707-20F7-FDC9988AC9BC}.Release|x86.Build.0 = Release|x86
	EndGlobalSection
	GlobalSection(SolutionProperties) = preSolution
		HideSolutionNode = FALSE
	EndGlobalSection
	GlobalSection(NestedProjects) = preSolution
		{A6D2B598-C9BB-49C7-B126-E22DBE8A2801} = {02EA681E-C7D8-13C7-8484-4AC65E1B71E8}
	EndGlobalSection
	GlobalSection(ExtensibilityGlobals) = postSolution
		SolutionGuid = {E3944F6A-384B-4B0F-B93F-3BD513DC57BD}
	EndGlobalSection
EndGlobal
